
Microsoft Visual Studio Solution File, Format Version 12.00
# Visual Studio 15
VisualStudioVersion = 15.0.28307.329
MinimumVisualStudioVersion = 10.0.40219.1
Project("{FAE04EC0-301F-11D3-BF4B-00C04F79EFBC}") = "Don-SampleTrackingApp", "Don-SampleTrackingApp\Don-SampleTrackingApp.csproj", "{72B74220-EC9A-459B-A9F2-1D2CAAE1D0B7}"
EndProject
Global
	GlobalSection(SolutionConfigurationPlatforms) = preSolution
		Debug|Any CPU = Debug|Any CPU
		Release|Any CPU = Release|Any CPU
	EndGlobalSection
	GlobalSection(ProjectConfigurationPlatforms) = postSolution
		{72B74220-EC9A-459B-A9F2-1D2CAAE1D0B7}.Debug|Any CPU.ActiveCfg = Debug|Any CPU
		{72B74220-EC9A-459B-A9F2-1D2CAAE1D0B7}.Debug|Any CPU.Build.0 = Debug|Any CPU
		{72B74220-EC9A-459B-A9F2-1D2CAAE1D0B7}.Release|Any CPU.ActiveCfg = Release|Any CPU
		{72B74220-EC9A-459B-A9F2-1D2CAAE1D0B7}.Release|Any CPU.Build.0 = Release|Any CPU
	EndGlobalSection
	GlobalSection(SolutionProperties) = preSolution
		HideSolutionNode = FALSE
	EndGlobalSection
	GlobalSection(ExtensibilityGlobals) = postSolution
		SolutionGuid = {A6A1DBCE-C97B-4B9A-B4EC-9510B53FB6D7}
	EndGlobalSection
EndGlobal
